// !$*UTF8*$!
{
	archiveVersion = 1;
	classes = {
	};
	objectVersion = 46;
	objects = {

/* Begin PBXBuildFile section */
		287586101FD6801F00DACC8E /* main.m in Sources */ = {isa = PBXBuildFile; fileRef = 2875860F1FD6801F00DACC8E /* main.m */; };
		287586131FD6801F00DACC8E /* AppDelegate.m in Sources */ = {isa = PBXBuildFile; fileRef = 287586121FD6801F00DACC8E /* AppDelegate.m */; };
		287586161FD6801F00DACC8E /* ViewController.m in Sources */ = {isa = PBXBuildFile; fileRef = 287586151FD6801F00DACC8E /* ViewController.m */; };
		287586191FD6801F00DACC8E /* Main.storyboard in Resources */ = {isa = PBXBuildFile; fileRef = 287586171FD6801F00DACC8E /* Main.storyboard */; };
		2875861B1FD6801F00DACC8E /* Assets.xcassets in Resources */ = {isa = PBXBuildFile; fileRef = 2875861A1FD6801F00DACC8E /* Assets.xcassets */; };
		2875861E1FD6801F00DACC8E /* LaunchScreen.storyboard in Resources */ = {isa = PBXBuildFile; fileRef = 2875861C1FD6801F00DACC8E /* LaunchScreen.storyboard */; };
		287586291FD6801F00DACC8E /* spsTestTests.m in Sources */ = {isa = PBXBuildFile; fileRef = 287586281FD6801F00DACC8E /* spsTestTests.m */; };
		287586341FD6801F00DACC8E /* spsTestUITests.m in Sources */ = {isa = PBXBuildFile; fileRef = 287586331FD6801F00DACC8E /* spsTestUITests.m */; };
		287586A61FD693C900DACC8E /* 123.json in Resources */ = {isa = PBXBuildFile; fileRef = 287586A51FD693C900DACC8E /* 123.json */; };
		28A6A54F1FD6B32F00A3BED0 /* SystemConfiguration.framework in Frameworks */ = {isa = PBXBuildFile; fileRef = 28A6A54E1FD6B32F00A3BED0 /* SystemConfiguration.framework */; };
		28A6A5511FD6B34100A3BED0 /* CoreText.framework in Frameworks */ = {isa = PBXBuildFile; fileRef = 28A6A5501FD6B34100A3BED0 /* CoreText.framework */; };
		28A6A5531FD6B35600A3BED0 /* libSystem.tbd in Frameworks */ = {isa = PBXBuildFile; fileRef = 28A6A5521FD6B35600A3BED0 /* libSystem.tbd */; };
		28A6A5551FD6B35B00A3BED0 /* libsqlite3.0.tbd in Frameworks */ = {isa = PBXBuildFile; fileRef = 28A6A5541FD6B35B00A3BED0 /* libsqlite3.0.tbd */; };
		28A6A5571FD6B36D00A3BED0 /* CoreAudio.framework in Frameworks */ = {isa = PBXBuildFile; fileRef = 28A6A5561FD6B36D00A3BED0 /* CoreAudio.framework */; };
		28A6A5591FD6B37D00A3BED0 /* AVFoundation.framework in Frameworks */ = {isa = PBXBuildFile; fileRef = 28A6A5581FD6B37D00A3BED0 /* AVFoundation.framework */; };
		28A6A55B1FD6B39200A3BED0 /* libc++.tbd in Frameworks */ = {isa = PBXBuildFile; fileRef = 28A6A55A1FD6B39200A3BED0 /* libc++.tbd */; };
		28A6A55D1FD6B3A800A3BED0 /* CFNetwork.framework in Frameworks */ = {isa = PBXBuildFile; fileRef = 28A6A55C1FD6B3A800A3BED0 /* CFNetwork.framework */; };
		28A6A55F1FD6B3BC00A3BED0 /* libz.1.2.5.tbd in Frameworks */ = {isa = PBXBuildFile; fileRef = 28A6A55E1FD6B3BC00A3BED0 /* libz.1.2.5.tbd */; };
		28A6A5611FD6B3C900A3BED0 /* AudioToolbox.framework in Frameworks */ = {isa = PBXBuildFile; fileRef = 28A6A5601FD6B3C900A3BED0 /* AudioToolbox.framework */; };
		28A6A5701FD6B61200A3BED0 /* sandbaolibrary.a in Frameworks */ = {isa = PBXBuildFile; fileRef = 28A6A56B1FD6B61200A3BED0 /* sandbaolibrary.a */; };
		28A6A6011FD791F400A3BED0 /* SDSandSPS.m in Sources */ = {isa = PBXBuildFile; fileRef = 28A6A5FF1FD791F400A3BED0 /* SDSandSPS.m */; };
		28A6A6031FD7A72800A3BED0 /* sandpay.bundle in Resources */ = {isa = PBXBuildFile; fileRef = 28A6A6021FD7A72800A3BED0 /* sandpay.bundle */; };
		28A6A6051FD7C47A00A3BED0 /* libSandPay.a in Frameworks */ = {isa = PBXBuildFile; fileRef = 28A6A6041FD7C47A00A3BED0 /* libSandPay.a */; };
/* End PBXBuildFile section */

/* Begin PBXContainerItemProxy section */
		287586251FD6801F00DACC8E /* PBXContainerItemProxy */ = {
			isa = PBXContainerItemProxy;
			containerPortal = 287586031FD6801F00DACC8E /* Project object */;
			proxyType = 1;
			remoteGlobalIDString = 2875860A1FD6801F00DACC8E;
			remoteInfo = spsTest;
		};
		287586301FD6801F00DACC8E /* PBXContainerItemProxy */ = {
			isa = PBXContainerItemProxy;
			containerPortal = 287586031FD6801F00DACC8E /* Project object */;
			proxyType = 1;
			remoteGlobalIDString = 2875860A1FD6801F00DACC8E;
			remoteInfo = spsTest;
		};
/* End PBXContainerItemProxy section */

/* Begin PBXFileReference section */
		2875860B1FD6801F00DACC8E /* spsTest.app */ = {isa = PBXFileReference; explicitFileType = wrapper.application; includeInIndex = 0; path = spsTest.app; sourceTree = BUILT_PRODUCTS_DIR; };
		2875860F1FD6801F00DACC8E /* main.m */ = {isa = PBXFileReference; lastKnownFileType = sourcecode.c.objc; path = main.m; sourceTree = "<group>"; };
		287586111FD6801F00DACC8E /* AppDelegate.h */ = {isa = PBXFileReference; lastKnownFileType = sourcecode.c.h; path = AppDelegate.h; sourceTree = "<group>"; };
		287586121FD6801F00DACC8E /* AppDelegate.m */ = {isa = PBXFileReference; lastKnownFileType = sourcecode.c.objc; path = AppDelegate.m; sourceTree = "<group>"; };
		287586141FD6801F00DACC8E /* ViewController.h */ = {isa = PBXFileReference; lastKnownFileType = sourcecode.c.h; path = ViewController.h; sourceTree = "<group>"; };
		287586151FD6801F00DACC8E /* ViewController.m */ = {isa = PBXFileReference; lastKnownFileType = sourcecode.c.objc; path = ViewController.m; sourceTree = "<group>"; };
		287586181FD6801F00DACC8E /* Base */ = {isa = PBXFileReference; lastKnownFileType = file.storyboard; name = Base; path = Base.lproj/Main.storyboard; sourceTree = "<group>"; };
		2875861A1FD6801F00DACC8E /* Assets.xcassets */ = {isa = PBXFileReference; lastKnownFileType = folder.assetcatalog; path = Assets.xcassets; sourceTree = "<group>"; };
		2875861D1FD6801F00DACC8E /* Base */ = {isa = PBXFileReference; lastKnownFileType = file.storyboard; name = Base; path = Base.lproj/LaunchScreen.storyboard; sourceTree = "<group>"; };
		2875861F1FD6801F00DACC8E /* Info.plist */ = {isa = PBXFileReference; lastKnownFileType = text.plist.xml; path = Info.plist; sourceTree = "<group>"; };
		287586241FD6801F00DACC8E /* spsTestTests.xctest */ = {isa = PBXFileReference; explicitFileType = wrapper.cfbundle; includeInIndex = 0; path = spsTestTests.xctest; sourceTree = BUILT_PRODUCTS_DIR; };
		287586281FD6801F00DACC8E /* spsTestTests.m */ = {isa = PBXFileReference; lastKnownFileType = sourcecode.c.objc; path = spsTestTests.m; sourceTree = "<group>"; };
		2875862A1FD6801F00DACC8E /* Info.plist */ = {isa = PBXFileReference; lastKnownFileType = text.plist.xml; path = Info.plist; sourceTree = "<group>"; };
		2875862F1FD6801F00DACC8E /* spsTestUITests.xctest */ = {isa = PBXFileReference; explicitFileType = wrapper.cfbundle; includeInIndex = 0; path = spsTestUITests.xctest; sourceTree = BUILT_PRODUCTS_DIR; };
		287586331FD6801F00DACC8E /* spsTestUITests.m */ = {isa = PBXFileReference; lastKnownFileType = sourcecode.c.objc; path = spsTestUITests.m; sourceTree = "<group>"; };
		287586351FD6801F00DACC8E /* Info.plist */ = {isa = PBXFileReference; lastKnownFileType = text.plist.xml; path = Info.plist; sourceTree = "<group>"; };
		287586A51FD693C900DACC8E /* 123.json */ = {isa = PBXFileReference; fileEncoding = 4; lastKnownFileType = text.json; path = 123.json; sourceTree = "<group>"; };
		28A6A54E1FD6B32F00A3BED0 /* SystemConfiguration.framework */ = {isa = PBXFileReference; lastKnownFileType = wrapper.framework; name = SystemConfiguration.framework; path = System/Library/Frameworks/SystemConfiguration.framework; sourceTree = SDKROOT; };
		28A6A5501FD6B34100A3BED0 /* CoreText.framework */ = {isa = PBXFileReference; lastKnownFileType = wrapper.framework; name = CoreText.framework; path = System/Library/Frameworks/CoreText.framework; sourceTree = SDKROOT; };
		28A6A5521FD6B35600A3BED0 /* libSystem.tbd */ = {isa = PBXFileReference; lastKnownFileType = "sourcecode.text-based-dylib-definition"; name = libSystem.tbd; path = usr/lib/libSystem.tbd; sourceTree = SDKROOT; };
		28A6A5541FD6B35B00A3BED0 /* libsqlite3.0.tbd */ = {isa = PBXFileReference; lastKnownFileType = "sourcecode.text-based-dylib-definition"; name = libsqlite3.0.tbd; path = usr/lib/libsqlite3.0.tbd; sourceTree = SDKROOT; };
		28A6A5561FD6B36D00A3BED0 /* CoreAudio.framework */ = {isa = PBXFileReference; lastKnownFileType = wrapper.framework; name = CoreAudio.framework; path = System/Library/Frameworks/CoreAudio.framework; sourceTree = SDKROOT; };
		28A6A5581FD6B37D00A3BED0 /* AVFoundation.framework */ = {isa = PBXFileReference; lastKnownFileType = wrapper.framework; name = AVFoundation.framework; path = System/Library/Frameworks/AVFoundation.framework; sourceTree = SDKROOT; };
		28A6A55A1FD6B39200A3BED0 /* libc++.tbd */ = {isa = PBXFileReference; lastKnownFileType = "sourcecode.text-based-dylib-definition"; name = "libc++.tbd"; path = "usr/lib/libc++.tbd"; sourceTree = SDKROOT; };
		28A6A55C1FD6B3A800A3BED0 /* CFNetwork.framework */ = {isa = PBXFileReference; lastKnownFileType = wrapper.framework; name = CFNetwork.framework; path = System/Library/Frameworks/CFNetwork.framework; sourceTree = SDKROOT; };
		28A6A55E1FD6B3BC00A3BED0 /* libz.1.2.5.tbd */ = {isa = PBXFileReference; lastKnownFileType = "sourcecode.text-based-dylib-definition"; name = libz.1.2.5.tbd; path = usr/lib/libz.1.2.5.tbd; sourceTree = SDKROOT; };
		28A6A5601FD6B3C900A3BED0 /* AudioToolbox.framework */ = {isa = PBXFileReference; lastKnownFileType = wrapper.framework; name = AudioToolbox.framework; path = System/Library/Frameworks/AudioToolbox.framework; sourceTree = SDKROOT; };
		28A6A56B1FD6B61200A3BED0 /* sandbaolibrary.a */ = {isa = PBXFileReference; lastKnownFileType = archive.ar; path = sandbaolibrary.a; sourceTree = "<group>"; };
		28A6A56C1FD6B61200A3BED0 /* SDFile.h */ = {isa = PBXFileReference; fileEncoding = 4; lastKnownFileType = sourcecode.c.h; path = SDFile.h; sourceTree = "<group>"; };
		28A6A56D1FD6B61200A3BED0 /* SDLog.h */ = {isa = PBXFileReference; fileEncoding = 4; lastKnownFileType = sourcecode.c.h; path = SDLog.h; sourceTree = "<group>"; };
		28A6A56E1FD6B61200A3BED0 /* SDNetwork.h */ = {isa = PBXFileReference; fileEncoding = 4; lastKnownFileType = sourcecode.c.h; path = SDNetwork.h; sourceTree = "<group>"; };
		28A6A56F1FD6B61200A3BED0 /* SDSqlite.h */ = {isa = PBXFileReference; fileEncoding = 4; lastKnownFileType = sourcecode.c.h; path = SDSqlite.h; sourceTree = "<group>"; };
		28A6A5FD1FD791F400A3BED0 /* RXSPSEntry.h */ = {isa = PBXFileReference; fileEncoding = 4; lastKnownFileType = sourcecode.c.h; path = RXSPSEntry.h; sourceTree = "<group>"; };
		28A6A5FE1FD791F400A3BED0 /* SDSandSPS.h */ = {isa = PBXFileReference; fileEncoding = 4; lastKnownFileType = sourcecode.c.h; path = SDSandSPS.h; sourceTree = "<group>"; };
		28A6A5FF1FD791F400A3BED0 /* SDSandSPS.m */ = {isa = PBXFileReference; fileEncoding = 4; lastKnownFileType = sourcecode.c.objc; path = SDSandSPS.m; sourceTree = "<group>"; };
		28A6A6021FD7A72800A3BED0 /* sandpay.bundle */ = {isa = PBXFileReference; lastKnownFileType = "wrapper.plug-in"; path = sandpay.bundle; sourceTree = "<group>"; };
		28A6A6041FD7C47A00A3BED0 /* libSandPay.a */ = {isa = PBXFileReference; lastKnownFileType = archive.ar; path = libSandPay.a; sourceTree = "<group>"; };
/* End PBXFileReference section */

/* Begin PBXFrameworksBuildPhase section */
		287586081FD6801F00DACC8E /* Frameworks */ = {
			isa = PBXFrameworksBuildPhase;
			buildActionMask = 2147483647;
			files = (
				28A6A5611FD6B3C900A3BED0 /* AudioToolbox.framework in Frameworks */,
				28A6A55F1FD6B3BC00A3BED0 /* libz.1.2.5.tbd in Frameworks */,
				28A6A55D1FD6B3A800A3BED0 /* CFNetwork.framework in Frameworks */,
				28A6A55B1FD6B39200A3BED0 /* libc++.tbd in Frameworks */,
				28A6A5591FD6B37D00A3BED0 /* AVFoundation.framework in Frameworks */,
				28A6A5571FD6B36D00A3BED0 /* CoreAudio.framework in Frameworks */,
				28A6A5551FD6B35B00A3BED0 /* libsqlite3.0.tbd in Frameworks */,
				28A6A5701FD6B61200A3BED0 /* sandbaolibrary.a in Frameworks */,
				28A6A5531FD6B35600A3BED0 /* libSystem.tbd in Frameworks */,
				28A6A5511FD6B34100A3BED0 /* CoreText.framework in Frameworks */,
				28A6A6051FD7C47A00A3BED0 /* libSandPay.a in Frameworks */,
				28A6A54F1FD6B32F00A3BED0 /* SystemConfiguration.framework in Frameworks */,
			);
			runOnlyForDeploymentPostprocessing = 0;
		};
		287586211FD6801F00DACC8E /* Frameworks */ = {
			isa = PBXFrameworksBuildPhase;
			buildActionMask = 2147483647;
			files = (
			);
			runOnlyForDeploymentPostprocessing = 0;
		};
		2875862C1FD6801F00DACC8E /* Frameworks */ = {
			isa = PBXFrameworksBuildPhase;
			buildActionMask = 2147483647;
			files = (
			);
			runOnlyForDeploymentPostprocessing = 0;
		};
/* End PBXFrameworksBuildPhase section */

/* Begin PBXGroup section */
		287586021FD6801F00DACC8E = {
			isa = PBXGroup;
			children = (
				2875860D1FD6801F00DACC8E /* spsTest */,
				287586271FD6801F00DACC8E /* spsTestTests */,
				287586321FD6801F00DACC8E /* spsTestUITests */,
				2875860C1FD6801F00DACC8E /* Products */,
				28A6A54D1FD6B32E00A3BED0 /* Frameworks */,
			);
			sourceTree = "<group>";
		};
		2875860C1FD6801F00DACC8E /* Products */ = {
			isa = PBXGroup;
			children = (
				2875860B1FD6801F00DACC8E /* spsTest.app */,
				287586241FD6801F00DACC8E /* spsTestTests.xctest */,
				2875862F1FD6801F00DACC8E /* spsTestUITests.xctest */,
			);
			name = Products;
			sourceTree = "<group>";
		};
		2875860D1FD6801F00DACC8E /* spsTest */ = {
			isa = PBXGroup;
			children = (
				287586A51FD693C900DACC8E /* 123.json */,
				28A6A5691FD6B5D100A3BED0 /* 3rd */,
				287586111FD6801F00DACC8E /* AppDelegate.h */,
				287586121FD6801F00DACC8E /* AppDelegate.m */,
				287586141FD6801F00DACC8E /* ViewController.h */,
				287586151FD6801F00DACC8E /* ViewController.m */,
				287586171FD6801F00DACC8E /* Main.storyboard */,
				2875861A1FD6801F00DACC8E /* Assets.xcassets */,
				2875861C1FD6801F00DACC8E /* LaunchScreen.storyboard */,
				2875861F1FD6801F00DACC8E /* Info.plist */,
				2875860E1FD6801F00DACC8E /* Supporting Files */,
			);
			path = spsTest;
			sourceTree = "<group>";
		};
		2875860E1FD6801F00DACC8E /* Supporting Files */ = {
			isa = PBXGroup;
			children = (
				2875860F1FD6801F00DACC8E /* main.m */,
			);
			name = "Supporting Files";
			sourceTree = "<group>";
		};
		287586271FD6801F00DACC8E /* spsTestTests */ = {
			isa = PBXGroup;
			children = (
				287586281FD6801F00DACC8E /* spsTestTests.m */,
				2875862A1FD6801F00DACC8E /* Info.plist */,
			);
			path = spsTestTests;
			sourceTree = "<group>";
		};
		287586321FD6801F00DACC8E /* spsTestUITests */ = {
			isa = PBXGroup;
			children = (
				287586331FD6801F00DACC8E /* spsTestUITests.m */,
				287586351FD6801F00DACC8E /* Info.plist */,
			);
			path = spsTestUITests;
			sourceTree = "<group>";
		};
		28A6A54D1FD6B32E00A3BED0 /* Frameworks */ = {
			isa = PBXGroup;
			children = (
				28A6A5601FD6B3C900A3BED0 /* AudioToolbox.framework */,
				28A6A55E1FD6B3BC00A3BED0 /* libz.1.2.5.tbd */,
				28A6A55C1FD6B3A800A3BED0 /* CFNetwork.framework */,
				28A6A55A1FD6B39200A3BED0 /* libc++.tbd */,
				28A6A5581FD6B37D00A3BED0 /* AVFoundation.framework */,
				28A6A5561FD6B36D00A3BED0 /* CoreAudio.framework */,
				28A6A5541FD6B35B00A3BED0 /* libsqlite3.0.tbd */,
				28A6A5521FD6B35600A3BED0 /* libSystem.tbd */,
				28A6A5501FD6B34100A3BED0 /* CoreText.framework */,
				28A6A54E1FD6B32F00A3BED0 /* SystemConfiguration.framework */,
			);
			name = Frameworks;
			sourceTree = "<group>";
		};
		28A6A5691FD6B5D100A3BED0 /* 3rd */ = {
			isa = PBXGroup;
			children = (
				28A6A5FB1FD791F400A3BED0 /* testFile */,
				28A6A56A1FD6B61200A3BED0 /* sandLibrary */,
			);
			path = 3rd;
			sourceTree = "<group>";
		};
		28A6A56A1FD6B61200A3BED0 /* sandLibrary */ = {
			isa = PBXGroup;
			children = (
				28A6A56B1FD6B61200A3BED0 /* sandbaolibrary.a */,
				28A6A56C1FD6B61200A3BED0 /* SDFile.h */,
				28A6A56D1FD6B61200A3BED0 /* SDLog.h */,
				28A6A56E1FD6B61200A3BED0 /* SDNetwork.h */,
				28A6A56F1FD6B61200A3BED0 /* SDSqlite.h */,
			);
			path = sandLibrary;
			sourceTree = "<group>";
		};
		28A6A5FB1FD791F400A3BED0 /* testFile */ = {
			isa = PBXGroup;
			children = (
				28A6A6021FD7A72800A3BED0 /* sandpay.bundle */,
				28A6A5FD1FD791F400A3BED0 /* RXSPSEntry.h */,
				28A6A5FE1FD791F400A3BED0 /* SDSandSPS.h */,
				28A6A5FF1FD791F400A3BED0 /* SDSandSPS.m */,
				28A6A6041FD7C47A00A3BED0 /* libSandPay.a */,
			);
			path = testFile;
			sourceTree = "<group>";
		};
/* End PBXGroup section */

/* Begin PBXNativeTarget section */
		2875860A1FD6801F00DACC8E /* spsTest */ = {
			isa = PBXNativeTarget;
			buildConfigurationList = 287586381FD6801F00DACC8E /* Build configuration list for PBXNativeTarget "spsTest" */;
			buildPhases = (
				287586071FD6801F00DACC8E /* Sources */,
				287586081FD6801F00DACC8E /* Frameworks */,
				287586091FD6801F00DACC8E /* Resources */,
			);
			buildRules = (
			);
			dependencies = (
			);
			name = spsTest;
			productName = spsTest;
			productReference = 2875860B1FD6801F00DACC8E /* spsTest.app */;
			productType = "com.apple.product-type.application";
		};
		287586231FD6801F00DACC8E /* spsTestTests */ = {
			isa = PBXNativeTarget;
			buildConfigurationList = 2875863B1FD6801F00DACC8E /* Build configuration list for PBXNativeTarget "spsTestTests" */;
			buildPhases = (
				287586201FD6801F00DACC8E /* Sources */,
				287586211FD6801F00DACC8E /* Frameworks */,
				287586221FD6801F00DACC8E /* Resources */,
			);
			buildRules = (
			);
			dependencies = (
				287586261FD6801F00DACC8E /* PBXTargetDependency */,
			);
			name = spsTestTests;
			productName = spsTestTests;
			productReference = 287586241FD6801F00DACC8E /* spsTestTests.xctest */;
			productType = "com.apple.product-type.bundle.unit-test";
		};
		2875862E1FD6801F00DACC8E /* spsTestUITests */ = {
			isa = PBXNativeTarget;
			buildConfigurationList = 2875863E1FD6801F00DACC8E /* Build configuration list for PBXNativeTarget "spsTestUITests" */;
			buildPhases = (
				2875862B1FD6801F00DACC8E /* Sources */,
				2875862C1FD6801F00DACC8E /* Frameworks */,
				2875862D1FD6801F00DACC8E /* Resources */,
			);
			buildRules = (
			);
			dependencies = (
				287586311FD6801F00DACC8E /* PBXTargetDependency */,
			);
			name = spsTestUITests;
			productName = spsTestUITests;
			productReference = 2875862F1FD6801F00DACC8E /* spsTestUITests.xctest */;
			productType = "com.apple.product-type.bundle.ui-testing";
		};
/* End PBXNativeTarget section */

/* Begin PBXProject section */
		287586031FD6801F00DACC8E /* Project object */ = {
			isa = PBXProject;
			attributes = {
				LastUpgradeCheck = 0830;
				ORGANIZATIONNAME = tianNanYiHao;
				TargetAttributes = {
					2875860A1FD6801F00DACC8E = {
						CreatedOnToolsVersion = 8.3.3;
						DevelopmentTeam = CYP2Q7U7L3;
						ProvisioningStyle = Manual;
					};
					287586231FD6801F00DACC8E = {
						CreatedOnToolsVersion = 8.3.3;
						DevelopmentTeam = CYP2Q7U7L3;
						ProvisioningStyle = Automatic;
						TestTargetID = 2875860A1FD6801F00DACC8E;
					};
					2875862E1FD6801F00DACC8E = {
						CreatedOnToolsVersion = 8.3.3;
						DevelopmentTeam = CYP2Q7U7L3;
						ProvisioningStyle = Automatic;
						TestTargetID = 2875860A1FD6801F00DACC8E;
					};
				};
			};
			buildConfigurationList = 287586061FD6801F00DACC8E /* Build configuration list for PBXProject "spsTest" */;
			compatibilityVersion = "Xcode 3.2";
			developmentRegion = English;
			hasScannedForEncodings = 0;
			knownRegions = (
				en,
				Base,
			);
			mainGroup = 287586021FD6801F00DACC8E;
			productRefGroup = 2875860C1FD6801F00DACC8E /* Products */;
			projectDirPath = "";
			projectRoot = "";
			targets = (
				2875860A1FD6801F00DACC8E /* spsTest */,
				287586231FD6801F00DACC8E /* spsTestTests */,
				2875862E1FD6801F00DACC8E /* spsTestUITests */,
			);
		};
/* End PBXProject section */

/* Begin PBXResourcesBuildPhase section */
		287586091FD6801F00DACC8E /* Resources */ = {
			isa = PBXResourcesBuildPhase;
			buildActionMask = 2147483647;
			files = (
				2875861E1FD6801F00DACC8E /* LaunchScreen.storyboard in Resources */,
				28A6A6031FD7A72800A3BED0 /* sandpay.bundle in Resources */,
				2875861B1FD6801F00DACC8E /* Assets.xcassets in Resources */,
				287586A61FD693C900DACC8E /* 123.json in Resources */,
				287586191FD6801F00DACC8E /* Main.storyboard in Resources */,
			);
			runOnlyForDeploymentPostprocessing = 0;
		};
		287586221FD6801F00DACC8E /* Resources */ = {
			isa = PBXResourcesBuildPhase;
			buildActionMask = 2147483647;
			files = (
			);
			runOnlyForDeploymentPostprocessing = 0;
		};
		2875862D1FD6801F00DACC8E /* Resources */ = {
			isa = PBXResourcesBuildPhase;
			buildActionMask = 2147483647;
			files = (
			);
			runOnlyForDeploymentPostprocessing = 0;
		};
/* End PBXResourcesBuildPhase section */

/* Begin PBXSourcesBuildPhase section */
		287586071FD6801F00DACC8E /* Sources */ = {
			isa = PBXSourcesBuildPhase;
			buildActionMask = 2147483647;
			files = (
				287586161FD6801F00DACC8E /* ViewController.m in Sources */,
				28A6A6011FD791F400A3BED0 /* SDSandSPS.m in Sources */,
				287586131FD6801F00DACC8E /* AppDelegate.m in Sources */,
				287586101FD6801F00DACC8E /* main.m in Sources */,
			);
			runOnlyForDeploymentPostprocessing = 0;
		};
		287586201FD6801F00DACC8E /* Sources */ = {
			isa = PBXSourcesBuildPhase;
			buildActionMask = 2147483647;
			files = (
				287586291FD6801F00DACC8E /* spsTestTests.m in Sources */,
			);
			runOnlyForDeploymentPostprocessing = 0;
		};
		2875862B1FD6801F00DACC8E /* Sources */ = {
			isa = PBXSourcesBuildPhase;
			buildActionMask = 2147483647;
			files = (
				287586341FD6801F00DACC8E /* spsTestUITests.m in Sources */,
			);
			runOnlyForDeploymentPostprocessing = 0;
		};
/* End PBXSourcesBuildPhase section */

/* Begin PBXTargetDependency section */
		287586261FD6801F00DACC8E /* PBXTargetDependency */ = {
			isa = PBXTargetDependency;
			target = 2875860A1FD6801F00DACC8E /* spsTest */;
			targetProxy = 287586251FD6801F00DACC8E /* PBXContainerItemProxy */;
		};
		287586311FD6801F00DACC8E /* PBXTargetDependency */ = {
			isa = PBXTargetDependency;
			target = 2875860A1FD6801F00DACC8E /* spsTest */;
			targetProxy = 287586301FD6801F00DACC8E /* PBXContainerItemProxy */;
		};
/* End PBXTargetDependency section */

/* Begin PBXVariantGroup section */
		287586171FD6801F00DACC8E /* Main.storyboard */ = {
			isa = PBXVariantGroup;
			children = (
				287586181FD6801F00DACC8E /* Base */,
			);
			name = Main.storyboard;
			sourceTree = "<group>";
		};
		2875861C1FD6801F00DACC8E /* LaunchScreen.storyboard */ = {
			isa = PBXVariantGroup;
			children = (
				2875861D1FD6801F00DACC8E /* Base */,
			);
			name = LaunchScreen.storyboard;
			sourceTree = "<group>";
		};
/* End PBXVariantGroup section */

/* Begin XCBuildConfiguration section */
		287586361FD6801F00DACC8E /* Debug */ = {
			isa = XCBuildConfiguration;
			buildSettings = {
				ALWAYS_SEARCH_USER_PATHS = NO;
				CLANG_ANALYZER_NONNULL = YES;
				CLANG_ANALYZER_NUMBER_OBJECT_CONVERSION = YES_AGGRESSIVE;
				CLANG_CXX_LANGUAGE_STANDARD = "gnu++0x";
				CLANG_CXX_LIBRARY = "libc++";
				CLANG_ENABLE_MODULES = YES;
				CLANG_ENABLE_OBJC_ARC = YES;
				CLANG_WARN_BOOL_CONVERSION = YES;
				CLANG_WARN_CONSTANT_CONVERSION = YES;
				CLANG_WARN_DIRECT_OBJC_ISA_USAGE = YES_ERROR;
				CLANG_WARN_DOCUMENTATION_COMMENTS = YES;
				CLANG_WARN_EMPTY_BODY = YES;
				CLANG_WARN_ENUM_CONVERSION = YES;
				CLANG_WARN_INFINITE_RECURSION = YES;
				CLANG_WARN_INT_CONVERSION = YES;
				CLANG_WARN_OBJC_ROOT_CLASS = YES_ERROR;
				CLANG_WARN_SUSPICIOUS_MOVE = YES;
				CLANG_WARN_UNREACHABLE_CODE = YES;
				CLANG_WARN__DUPLICATE_METHOD_MATCH = YES;
				"CODE_SIGN_IDENTITY[sdk=iphoneos*]" = "iPhone Developer";
				COPY_PHASE_STRIP = NO;
				DEBUG_INFORMATION_FORMAT = dwarf;
				ENABLE_STRICT_OBJC_MSGSEND = YES;
				ENABLE_TESTABILITY = YES;
				GCC_C_LANGUAGE_STANDARD = gnu99;
				GCC_DYNAMIC_NO_PIC = NO;
				GCC_NO_COMMON_BLOCKS = YES;
				GCC_OPTIMIZATION_LEVEL = 0;
				GCC_PREPROCESSOR_DEFINITIONS = (
					"DEBUG=1",
					"$(inherited)",
				);
				GCC_WARN_64_TO_32_BIT_CONVERSION = YES;
				GCC_WARN_ABOUT_RETURN_TYPE = YES_ERROR;
				GCC_WARN_UNDECLARED_SELECTOR = YES;
				GCC_WARN_UNINITIALIZED_AUTOS = YES_AGGRESSIVE;
				GCC_WARN_UNUSED_FUNCTION = YES;
				GCC_WARN_UNUSED_VARIABLE = YES;
				IPHONEOS_DEPLOYMENT_TARGET = 10.3;
				MTL_ENABLE_DEBUG_INFO = YES;
				ONLY_ACTIVE_ARCH = YES;
				SDKROOT = iphoneos;
			};
			name = Debug;
		};
		287586371FD6801F00DACC8E /* Release */ = {
			isa = XCBuildConfiguration;
			buildSettings = {
				ALWAYS_SEARCH_USER_PATHS = NO;
				CLANG_ANALYZER_NONNULL = YES;
				CLANG_ANALYZER_NUMBER_OBJECT_CONVERSION = YES_AGGRESSIVE;
				CLANG_CXX_LANGUAGE_STANDARD = "gnu++0x";
				CLANG_CXX_LIBRARY = "libc++";
				CLANG_ENABLE_MODULES = YES;
				CLANG_ENABLE_OBJC_ARC = YES;
				CLANG_WARN_BOOL_CONVERSION = YES;
				CLANG_WARN_CONSTANT_CONVERSION = YES;
				CLANG_WARN_DIRECT_OBJC_ISA_USAGE = YES_ERROR;
				CLANG_WARN_DOCUMENTATION_COMMENTS = YES;
				CLANG_WARN_EMPTY_BODY = YES;
				CLANG_WARN_ENUM_CONVERSION = YES;
				CLANG_WARN_INFINITE_RECURSION = YES;
				CLANG_WARN_INT_CONVERSION = YES;
				CLANG_WARN_OBJC_ROOT_CLASS = YES_ERROR;
				CLANG_WARN_SUSPICIOUS_MOVE = YES;
				CLANG_WARN_UNREACHABLE_CODE = YES;
				CLANG_WARN__DUPLICATE_METHOD_MATCH = YES;
				"CODE_SIGN_IDENTITY[sdk=iphoneos*]" = "iPhone Developer";
				COPY_PHASE_STRIP = NO;
				DEBUG_INFORMATION_FORMAT = "dwarf-with-dsym";
				ENABLE_NS_ASSERTIONS = NO;
				ENABLE_STRICT_OBJC_MSGSEND = YES;
				GCC_C_LANGUAGE_STANDARD = gnu99;
				GCC_NO_COMMON_BLOCKS = YES;
				GCC_WARN_64_TO_32_BIT_CONVERSION = YES;
				GCC_WARN_ABOUT_RETURN_TYPE = YES_ERROR;
				GCC_WARN_UNDECLARED_SELECTOR = YES;
				GCC_WARN_UNINITIALIZED_AUTOS = YES_AGGRESSIVE;
				GCC_WARN_UNUSED_FUNCTION = YES;
				GCC_WARN_UNUSED_VARIABLE = YES;
				IPHONEOS_DEPLOYMENT_TARGET = 10.3;
				MTL_ENABLE_DEBUG_INFO = NO;
				SDKROOT = iphoneos;
				VALIDATE_PRODUCT = YES;
			};
			name = Release;
		};
		287586391FD6801F00DACC8E /* Debug */ = {
			isa = XCBuildConfiguration;
			buildSettings = {
				ASSETCATALOG_COMPILER_APPICON_NAME = AppIcon;
				DEVELOPMENT_TEAM = CYP2Q7U7L3;
				ENABLE_BITCODE = NO;
				INFOPLIST_FILE = spsTest/Info.plist;
				IPHONEOS_DEPLOYMENT_TARGET = 8.0;
				LD_RUNPATH_SEARCH_PATHS = "$(inherited) @executable_path/Frameworks";
				LIBRARY_SEARCH_PATHS = (
					"$(inherited)",
					"$(PROJECT_DIR)/spsTest",
					"$(PROJECT_DIR)/spsTest/sandLibrary",
					"$(PROJECT_DIR)/spsTest/testFile",
					"$(PROJECT_DIR)/spsTest/3rd/sandLibrary",
					"$(PROJECT_DIR)/spsTest/3rd/sps/paycode/sandLibrary",
					"$(PROJECT_DIR)/spsTest/3rd/sps/paycore",
					"$(PROJECT_DIR)/spsTest/3rd/sps/paymentcontrol/libs",
					"$(PROJECT_DIR)/spsTest/3rd/testFile",
				);
				OTHER_LDFLAGS = (
					"$(inherited)",
					"-ObjC",
					"-l\"c++\"",
				);
				PRODUCT_BUNDLE_IDENTIFIER = com.sand.spsTest;
				PRODUCT_NAME = "$(TARGET_NAME)";
				PROVISIONING_PROFILE = "2b9b8756-3e79-4606-b93a-cc50028a0519";
				PROVISIONING_PROFILE_SPECIFIER = sandComm_Dev_Profile;
			};
			name = Debug;
		};
		2875863A1FD6801F00DACC8E /* Release */ = {
			isa = XCBuildConfiguration;
			buildSettings = {
				ASSETCATALOG_COMPILER_APPICON_NAME = AppIcon;
				DEVELOPMENT_TEAM = CYP2Q7U7L3;
				ENABLE_BITCODE = NO;
				INFOPLIST_FILE = spsTest/Info.plist;
				IPHONEOS_DEPLOYMENT_TARGET = 8.0;
				LD_RUNPATH_SEARCH_PATHS = "$(inherited) @executable_path/Frameworks";
				LIBRARY_SEARCH_PATHS = (
					"$(inherited)",
					"$(PROJECT_DIR)/spsTest",
					"$(PROJECT_DIR)/spsTest/sandLibrary",
					"$(PROJECT_DIR)/spsTest/testFile",
					"$(PROJECT_DIR)/spsTest/3rd/sandLibrary",
					"$(PROJECT_DIR)/spsTest/3rd/sps/paycode/sandLibrary",
					"$(PROJECT_DIR)/spsTest/3rd/sps/paycore",
					"$(PROJECT_DIR)/spsTest/3rd/sps/paymentcontrol/libs",
					"$(PROJECT_DIR)/spsTest/3rd/testFile",
				);
				OTHER_LDFLAGS = (
					"$(inherited)",
					"-ObjC",
					"-l\"c++\"",
				);
				PRODUCT_BUNDLE_IDENTIFIER = com.sand.spsTest;
				PRODUCT_NAME = "$(TARGET_NAME)";
				PROVISIONING_PROFILE = "2b9b8756-3e79-4606-b93a-cc50028a0519";
				PROVISIONING_PROFILE_SPECIFIER = sandComm_Dev_Profile;
			};
			name = Release;
		};
		2875863C1FD6801F00DACC8E /* Debug */ = {
			isa = XCBuildConfiguration;
			buildSettings = {
				BUNDLE_LOADER = "$(TEST_HOST)";
				DEVELOPMENT_TEAM = CYP2Q7U7L3;
				INFOPLIST_FILE = spsTestTests/Info.plist;
				LD_RUNPATH_SEARCH_PATHS = "$(inherited) @executable_path/Frameworks @loader_path/Frameworks";
				PRODUCT_BUNDLE_IDENTIFIER = com.sand.spsTestTests;
				PRODUCT_NAME = "$(TARGET_NAME)";
				TEST_HOST = "$(BUILT_PRODUCTS_DIR)/spsTest.app/spsTest";
			};
			name = Debug;
		};
		2875863D1FD6801F00DACC8E /* Release */ = {
			isa = XCBuildConfiguration;
			buildSettings = {
				BUNDLE_LOADER = "$(TEST_HOST)";
				DEVELOPMENT_TEAM = CYP2Q7U7L3;
				INFOPLIST_FILE = spsTestTests/Info.plist;
				LD_RUNPATH_SEARCH_PATHS = "$(inherited) @executable_path/Frameworks @loader_path/Frameworks";
				PRODUCT_BUNDLE_IDENTIFIER = com.sand.spsTestTests;
				PRODUCT_NAME = "$(TARGET_NAME)";
				TEST_HOST = "$(BUILT_PRODUCTS_DIR)/spsTest.app/spsTest";
			};
			name = Release;
		};
		2875863F1FD6801F00DACC8E /* Debug */ = {
			isa = XCBuildConfiguration;
			buildSettings = {
				DEVELOPMENT_TEAM = CYP2Q7U7L3;
				INFOPLIST_FILE = spsTestUITests/Info.plist;
				LD_RUNPATH_SEARCH_PATHS = "$(inherited) @executable_path/Frameworks @loader_path/Frameworks";
				PRODUCT_BUNDLE_IDENTIFIER = com.sand.spsTestUITests;
				PRODUCT_NAME = "$(TARGET_NAME)";
				TEST_TARGET_NAME = spsTest;
			};
			name = Debug;
		};
		287586401FD6801F00DACC8E /* Release */ = {
			isa = XCBuildConfiguration;
			buildSettings = {
				DEVELOPMENT_TEAM = CYP2Q7U7L3;
				INFOPLIST_FILE = spsTestUITests/Info.plist;
				LD_RUNPATH_SEARCH_PATHS = "$(inherited) @executable_path/Frameworks @loader_path/Frameworks";
				PRODUCT_BUNDLE_IDENTIFIER = com.sand.spsTestUITests;
				PRODUCT_NAME = "$(TARGET_NAME)";
				TEST_TARGET_NAME = spsTest;
			};
			name = Release;
		};
/* End XCBuildConfiguration section */

/* Begin XCConfigurationList section */
		287586061FD6801F00DACC8E /* Build configuration list for PBXProject "spsTest" */ = {
			isa = XCConfigurationList;
			buildConfigurations = (
				287586361FD6801F00DACC8E /* Debug */,
				287586371FD6801F00DACC8E /* Release */,
			);
			defaultConfigurationIsVisible = 0;
			defaultConfigurationName = Release;
		};
		287586381FD6801F00DACC8E /* Build configuration list for PBXNativeTarget "spsTest" */ = {
			isa = XCConfigurationList;
			buildConfigurations = (
				287586391FD6801F00DACC8E /* Debug */,
				2875863A1FD6801F00DACC8E /* Release */,
			);
			defaultConfigurationIsVisible = 0;
			defaultConfigurationName = Release;
		};
		2875863B1FD6801F00DACC8E /* Build configuration list for PBXNativeTarget "spsTestTests" */ = {
			isa = XCConfigurationList;
			buildConfigurations = (
				2875863C1FD6801F00DACC8E /* Debug */,
				2875863D1FD6801F00DACC8E /* Release */,
			);
			defaultConfigurationIsVisible = 0;
			defaultConfigurationName = Release;
		};
		2875863E1FD6801F00DACC8E /* Build configuration list for PBXNativeTarget "spsTestUITests" */ = {
			isa = XCConfigurationList;
			buildConfigurations = (
				2875863F1FD6801F00DACC8E /* Debug */,
				287586401FD6801F00DACC8E /* Release */,
			);
			defaultConfigurationIsVisible = 0;
			defaultConfigurationName = Release;
		};
/* End XCConfigurationList section */
	};
	rootObject = 287586031FD6801F00DACC8E /* Project object */;
}
